
Microsoft Visual Studio Solution File, Format Version 12.00
# Visual Studio Version 16
VisualStudioVersion = 16.0.29102.190
MinimumVisualStudioVersion = 10.0.40219.1
Project("{FAE04EC0-301F-11D3-BF4B-00C04F79EFBC}") = "RATA_FMM", "RATA_FMM\RATA_FMM.csproj", "{2B377D9A-641C-4920-B407-72029E95018B}"
EndProject
Project("{54435603-DBB4-11D2-8724-00A0C9A8B90C}") = "Setup", "Setup\Setup.vdproj", "{67F620C3-B5C1-4EAC-B34C-D46701AD78C5}"
EndProject
Global
	GlobalSection(SolutionConfigurationPlatforms) = preSolution
		Debug|Any CPU = Debug|Any CPU
		Release|Any CPU = Release|Any CPU
	EndGlobalSection
	GlobalSection(ProjectConfigurationPlatforms) = postSolution
		{2B377D9A-641C-4920-B407-72029E95018B}.Debug|Any CPU.ActiveCfg = Debug|Any CPU
		{2B377D9A-641C-4920-B407-72029E95018B}.Debug|Any CPU.Build.0 = Debug|Any CPU
		{2B377D9A-641C-4920-B407-72029E95018B}.Release|Any CPU.ActiveCfg = Release|Any CPU
		{2B377D9A-641C-4920-B407-72029E95018B}.Release|Any CPU.Build.0 = Release|Any CPU
		{67F620C3-B5C1-4EAC-B34C-D46701AD78C5}.Debug|Any CPU.ActiveCfg = Debug
		{67F620C3-B5C1-4EAC-B34C-D46701AD78C5}.Release|Any CPU.ActiveCfg = Release
	EndGlobalSection
	GlobalSection(SolutionProperties) = preSolution
		HideSolutionNode = FALSE
	EndGlobalSection
	GlobalSection(ExtensibilityGlobals) = postSolution
		SolutionGuid = {0BA91E9B-EA2B-4FFC-A1B7-E8C93E4AFD21}
	EndGlobalSection
EndGlobal
